
Microsoft Visual Studio Solution File, Format Version 12.00
# Visual Studio 15
VisualStudioVersion = 15.0.27004.2002
MinimumVisualStudioVersion = 10.0.40219.1
Project("{FAE04EC0-301F-11D3-BF4B-00C04F79EFBC}") = "LoadBalancer", "LoadBalancer\LoadBalancer.csproj", "{BDA5DAE1-CB55-41BC-B15D-064B88C7E8BD}"
EndProject
Global
	GlobalSection(SolutionConfigurationPlatforms) = preSolution
		Debug|Any CPU = Debug|Any CPU
		Release|Any CPU = Release|Any CPU
	EndGlobalSection
	GlobalSection(ProjectConfigurationPlatforms) = postSolution
		{BDA5DAE1-CB55-41BC-B15D-064B88C7E8BD}.Debug|Any CPU.ActiveCfg = Debug|Any CPU
		{BDA5DAE1-CB55-41BC-B15D-064B88C7E8BD}.Debug|Any CPU.Build.0 = Debug|Any CPU
		{BDA5DAE1-CB55-41BC-B15D-064B88C7E8BD}.Release|Any CPU.ActiveCfg = Release|Any CPU
		{BDA5DAE1-CB55-41BC-B15D-064B88C7E8BD}.Release|Any CPU.Build.0 = Release|Any CPU
	EndGlobalSection
	GlobalSection(SolutionProperties) = preSolution
		HideSolutionNode = FALSE
	EndGlobalSection
	GlobalSection(ExtensibilityGlobals) = postSolution
		SolutionGuid = {06468893-12B1-4A80-8123-8E4DFD57BCB5}
	EndGlobalSection
EndGlobal
